
Microsoft Visual Studio Solution File, Format Version 12.00
# Visual Studio Version 17
VisualStudioVersion = 17.6.33829.357
MinimumVisualStudioVersion = 10.0.40219.1
Project("{FAE04EC0-301F-11D3-BF4B-00C04F79EFBC}") = "Yosuke Romance", "Yosuke Romance\Yosuke Romance.csproj", "{1FAACBF5-76BE-4A07-8C83-5FF92D6F0EB6}"
EndProject
Project("{9A19103F-16F7-4668-BE54-9A1E7A4F7556}") = "CriFs.V2.Hook.Interfaces", "..\config_test\Interfaces\CriFs.V2.Hook.Interfaces\Interfaces\CriFs.V2.Hook.Interfaces\CriFs.V2.Hook.Interfaces.csproj", "{33785DDA-7A9C-4B33-94E9-D1AB35A05DCA}"
EndProject
Global
	GlobalSection(SolutionConfigurationPlatforms) = preSolution
		Debug|Any CPU = Debug|Any CPU
		Release|Any CPU = Release|Any CPU
	EndGlobalSection
	GlobalSection(ProjectConfigurationPlatforms) = postSolution
		{1FAACBF5-76BE-4A07-8C83-5FF92D6F0EB6}.Debug|Any CPU.ActiveCfg = Debug|Any CPU
		{1FAACBF5-76BE-4A07-8C83-5FF92D6F0EB6}.Debug|Any CPU.Build.0 = Debug|Any CPU
		{1FAACBF5-76BE-4A07-8C83-5FF92D6F0EB6}.Release|Any CPU.ActiveCfg = Release|Any CPU
		{1FAACBF5-76BE-4A07-8C83-5FF92D6F0EB6}.Release|Any CPU.Build.0 = Release|Any CPU
		{33785DDA-7A9C-4B33-94E9-D1AB35A05DCA}.Debug|Any CPU.ActiveCfg = Debug|Any CPU
		{33785DDA-7A9C-4B33-94E9-D1AB35A05DCA}.Debug|Any CPU.Build.0 = Debug|Any CPU
		{33785DDA-7A9C-4B33-94E9-D1AB35A05DCA}.Release|Any CPU.ActiveCfg = Release|Any CPU
		{33785DDA-7A9C-4B33-94E9-D1AB35A05DCA}.Release|Any CPU.Build.0 = Release|Any CPU
	EndGlobalSection
	GlobalSection(SolutionProperties) = preSolution
		HideSolutionNode = FALSE
	EndGlobalSection
	GlobalSection(ExtensibilityGlobals) = postSolution
		SolutionGuid = {C1CDA8C6-166A-47A0-9DEF-79CDA6540F5C}
	EndGlobalSection
EndGlobal
